// !$*UTF8*$!
{
	archiveVersion = 1;
	classes = {
	};
	objectVersion = 55;
	objects = {

/* Begin PBXBuildFile section */
		B91EAE0F281FF7EB00874133 /* CustomDatePicker.swift in Sources */ = {isa = PBXBuildFile; fileRef = B91EAE0E281FF7EB00874133 /* CustomDatePicker.swift */; };
		B91EAE112820029100874133 /* DateValue.swift in Sources */ = {isa = PBXBuildFile; fileRef = B91EAE102820029100874133 /* DateValue.swift */; };
		B91EAE1728201D9B00874133 /* Task.swift in Sources */ = {isa = PBXBuildFile; fileRef = B91EAE1628201D9B00874133 /* Task.swift */; };
		B9349DCB281C369500F2AB56 /* MamujiApp.swift in Sources */ = {isa = PBXBuildFile; fileRef = B9349DCA281C369500F2AB56 /* MamujiApp.swift */; };
		B9349DCD281C369500F2AB56 /* ContentView.swift in Sources */ = {isa = PBXBuildFile; fileRef = B9349DCC281C369500F2AB56 /* ContentView.swift */; };
		B9349DCF281C369600F2AB56 /* Assets.xcassets in Resources */ = {isa = PBXBuildFile; fileRef = B9349DCE281C369600F2AB56 /* Assets.xcassets */; };
		B9349DD2281C369600F2AB56 /* Preview Assets.xcassets in Resources */ = {isa = PBXBuildFile; fileRef = B9349DD1281C369600F2AB56 /* Preview Assets.xcassets */; };
		B9349DD9281C373A00F2AB56 /* HomeView.swift in Sources */ = {isa = PBXBuildFile; fileRef = B9349DD8281C373A00F2AB56 /* HomeView.swift */; };
		B9349DDB281C385000F2AB56 /* GoalView.swift in Sources */ = {isa = PBXBuildFile; fileRef = B9349DDA281C385000F2AB56 /* GoalView.swift */; };
		B9349DDD281C387B00F2AB56 /* MissionView.swift in Sources */ = {isa = PBXBuildFile; fileRef = B9349DDC281C387B00F2AB56 /* MissionView.swift */; };
		B9349DDF281C388400F2AB56 /* MyPageView.swift in Sources */ = {isa = PBXBuildFile; fileRef = B9349DDE281C388400F2AB56 /* MyPageView.swift */; };
		CC9EFA1E2821089300FC83A0 /* BMDOHYEON_ttf.ttf in Resources */ = {isa = PBXBuildFile; fileRef = CC9EFA1D2821089300FC83A0 /* BMDOHYEON_ttf.ttf */; };
		CC9EFA2028210F4900FC83A0 /* Mission.swift in Sources */ = {isa = PBXBuildFile; fileRef = CC9EFA1F28210F4900FC83A0 /* Mission.swift */; };
		CC9EFA23282127AD00FC83A0 /* CircularText.swift in Sources */ = {isa = PBXBuildFile; fileRef = CC9EFA22282127AD00FC83A0 /* CircularText.swift */; };
		CCAD4A702820FADC00322F31 /* BMDOHYEON_otf.otf in Resources */ = {isa = PBXBuildFile; fileRef = CCAD4A6F2820FADC00322F31 /* BMDOHYEON_otf.otf */; };
/* End PBXBuildFile section */

/* Begin PBXFileReference section */
		B91EAE0E281FF7EB00874133 /* CustomDatePicker.swift */ = {isa = PBXFileReference; lastKnownFileType = sourcecode.swift; path = CustomDatePicker.swift; sourceTree = "<group>"; };
		B91EAE102820029100874133 /* DateValue.swift */ = {isa = PBXFileReference; lastKnownFileType = sourcecode.swift; path = DateValue.swift; sourceTree = "<group>"; };
		B91EAE1628201D9B00874133 /* Task.swift */ = {isa = PBXFileReference; lastKnownFileType = sourcecode.swift; path = Task.swift; sourceTree = "<group>"; };
		B9349DC7281C369500F2AB56 /* Mamuji.app */ = {isa = PBXFileReference; explicitFileType = wrapper.application; includeInIndex = 0; path = Mamuji.app; sourceTree = BUILT_PRODUCTS_DIR; };
		B9349DCA281C369500F2AB56 /* MamujiApp.swift */ = {isa = PBXFileReference; lastKnownFileType = sourcecode.swift; path = MamujiApp.swift; sourceTree = "<group>"; };
		B9349DCC281C369500F2AB56 /* ContentView.swift */ = {isa = PBXFileReference; lastKnownFileType = sourcecode.swift; path = ContentView.swift; sourceTree = "<group>"; };
		B9349DCE281C369600F2AB56 /* Assets.xcassets */ = {isa = PBXFileReference; lastKnownFileType = folder.assetcatalog; path = Assets.xcassets; sourceTree = "<group>"; };
		B9349DD1281C369600F2AB56 /* Preview Assets.xcassets */ = {isa = PBXFileReference; lastKnownFileType = folder.assetcatalog; path = "Preview Assets.xcassets"; sourceTree = "<group>"; };
		B9349DD8281C373A00F2AB56 /* HomeView.swift */ = {isa = PBXFileReference; lastKnownFileType = sourcecode.swift; path = HomeView.swift; sourceTree = "<group>"; };
		B9349DDA281C385000F2AB56 /* GoalView.swift */ = {isa = PBXFileReference; lastKnownFileType = sourcecode.swift; path = GoalView.swift; sourceTree = "<group>"; };
		B9349DDC281C387B00F2AB56 /* MissionView.swift */ = {isa = PBXFileReference; lastKnownFileType = sourcecode.swift; path = MissionView.swift; sourceTree = "<group>"; };
		B9349DDE281C388400F2AB56 /* MyPageView.swift */ = {isa = PBXFileReference; lastKnownFileType = sourcecode.swift; path = MyPageView.swift; sourceTree = "<group>"; };
		CC9EFA1D2821089300FC83A0 /* BMDOHYEON_ttf.ttf */ = {isa = PBXFileReference; lastKnownFileType = file; path = BMDOHYEON_ttf.ttf; sourceTree = "<group>"; };
		CC9EFA1F28210F4900FC83A0 /* Mission.swift */ = {isa = PBXFileReference; lastKnownFileType = sourcecode.swift; path = Mission.swift; sourceTree = "<group>"; };
		CC9EFA22282127AD00FC83A0 /* CircularText.swift */ = {isa = PBXFileReference; lastKnownFileType = sourcecode.swift; path = CircularText.swift; sourceTree = "<group>"; };
		CCAD4A6F2820FADC00322F31 /* BMDOHYEON_otf.otf */ = {isa = PBXFileReference; lastKnownFileType = file; path = BMDOHYEON_otf.otf; sourceTree = "<group>"; };
		CCAD4A712820FDCD00322F31 /* Info.plist */ = {isa = PBXFileReference; lastKnownFileType = text.plist.xml; path = Info.plist; sourceTree = "<group>"; };
/* End PBXFileReference section */

/* Begin PBXFrameworksBuildPhase section */
		B9349DC4281C369500F2AB56 /* Frameworks */ = {
			isa = PBXFrameworksBuildPhase;
			buildActionMask = 2147483647;
			files = (
			);
			runOnlyForDeploymentPostprocessing = 0;
		};
/* End PBXFrameworksBuildPhase section */

/* Begin PBXGroup section */
		B91EAE0C281FF6CD00874133 /* View */ = {
			isa = PBXGroup;
			children = (
				B9349DD8281C373A00F2AB56 /* HomeView.swift */,
				B9349DDA281C385000F2AB56 /* GoalView.swift */,
				B9349DDE281C388400F2AB56 /* MyPageView.swift */,
				B9349DDC281C387B00F2AB56 /* MissionView.swift */,
				B91EAE0E281FF7EB00874133 /* CustomDatePicker.swift */,
			);
			path = View;
			sourceTree = "<group>";
		};
		B91EAE0D281FF6E000874133 /* Model */ = {
			isa = PBXGroup;
			children = (
				B91EAE102820029100874133 /* DateValue.swift */,
				B91EAE1628201D9B00874133 /* Task.swift */,
				CC9EFA1F28210F4900FC83A0 /* Mission.swift */,
				CC9EFA22282127AD00FC83A0 /* CircularText.swift */,
			);
			path = Model;
			sourceTree = "<group>";
		};
		B9349DBE281C369500F2AB56 = {
			isa = PBXGroup;
			children = (
				B9349DC9281C369500F2AB56 /* Mamuji */,
				B9349DC8281C369500F2AB56 /* Products */,
			);
			sourceTree = "<group>";
		};
		B9349DC8281C369500F2AB56 /* Products */ = {
			isa = PBXGroup;
			children = (
				B9349DC7281C369500F2AB56 /* Mamuji.app */,
			);
			name = Products;
			sourceTree = "<group>";
		};
		B9349DC9281C369500F2AB56 /* Mamuji */ = {
			isa = PBXGroup;
			children = (
				CCAD4A732821075E00322F31 /* Fonts */,
				CCAD4A712820FDCD00322F31 /* Info.plist */,
				B91EAE0D281FF6E000874133 /* Model */,
				B91EAE0C281FF6CD00874133 /* View */,
				B9349DCA281C369500F2AB56 /* MamujiApp.swift */,
				B9349DCC281C369500F2AB56 /* ContentView.swift */,
				B9349DCE281C369600F2AB56 /* Assets.xcassets */,
				B9349DD0281C369600F2AB56 /* Preview Content */,
			);
			path = Mamuji;
			sourceTree = "<group>";
		};
		B9349DD0281C369600F2AB56 /* Preview Content */ = {
			isa = PBXGroup;
			children = (
				B9349DD1281C369600F2AB56 /* Preview Assets.xcassets */,
			);
			path = "Preview Content";
			sourceTree = "<group>";
		};
		CCAD4A732821075E00322F31 /* Fonts */ = {
			isa = PBXGroup;
			children = (
				CCAD4A6F2820FADC00322F31 /* BMDOHYEON_otf.otf */,
				CC9EFA1D2821089300FC83A0 /* BMDOHYEON_ttf.ttf */,
			);
			path = Fonts;
			sourceTree = "<group>";
		};
/* End PBXGroup section */

/* Begin PBXNativeTarget section */
		B9349DC6281C369500F2AB56 /* Mamuji */ = {
			isa = PBXNativeTarget;
			buildConfigurationList = B9349DD5281C369600F2AB56 /* Build configuration list for PBXNativeTarget "Mamuji" */;
			buildPhases = (
				B9349DC3281C369500F2AB56 /* Sources */,
				B9349DC4281C369500F2AB56 /* Frameworks */,
				B9349DC5281C369500F2AB56 /* Resources */,
			);
			buildRules = (
			);
			dependencies = (
			);
			name = Mamuji;
			productName = Mamuji;
			productReference = B9349DC7281C369500F2AB56 /* Mamuji.app */;
			productType = "com.apple.product-type.application";
		};
/* End PBXNativeTarget section */

/* Begin PBXProject section */
		B9349DBF281C369500F2AB56 /* Project object */ = {
			isa = PBXProject;
			attributes = {
				BuildIndependentTargetsInParallel = 1;
				LastSwiftUpdateCheck = 1330;
				LastUpgradeCheck = 1330;
				TargetAttributes = {
					B9349DC6281C369500F2AB56 = {
						CreatedOnToolsVersion = 13.3.1;
					};
				};
			};
			buildConfigurationList = B9349DC2281C369500F2AB56 /* Build configuration list for PBXProject "Mamuji" */;
			compatibilityVersion = "Xcode 13.0";
			developmentRegion = en;
			hasScannedForEncodings = 0;
			knownRegions = (
				en,
				Base,
			);
			mainGroup = B9349DBE281C369500F2AB56;
			productRefGroup = B9349DC8281C369500F2AB56 /* Products */;
			projectDirPath = "";
			projectRoot = "";
			targets = (
				B9349DC6281C369500F2AB56 /* Mamuji */,
			);
		};
/* End PBXProject section */

/* Begin PBXResourcesBuildPhase section */
		B9349DC5281C369500F2AB56 /* Resources */ = {
			isa = PBXResourcesBuildPhase;
			buildActionMask = 2147483647;
			files = (
				B9349DD2281C369600F2AB56 /* Preview Assets.xcassets in Resources */,
				B9349DCF281C369600F2AB56 /* Assets.xcassets in Resources */,
				CCAD4A702820FADC00322F31 /* BMDOHYEON_otf.otf in Resources */,
				CC9EFA1E2821089300FC83A0 /* BMDOHYEON_ttf.ttf in Resources */,
			);
			runOnlyForDeploymentPostprocessing = 0;
		};
/* End PBXResourcesBuildPhase section */

/* Begin PBXSourcesBuildPhase section */
		B9349DC3281C369500F2AB56 /* Sources */ = {
			isa = PBXSourcesBuildPhase;
			buildActionMask = 2147483647;
			files = (
				B9349DD9281C373A00F2AB56 /* HomeView.swift in Sources */,
				B9349DCD281C369500F2AB56 /* ContentView.swift in Sources */,
				B9349DCB281C369500F2AB56 /* MamujiApp.swift in Sources */,
				CC9EFA23282127AD00FC83A0 /* CircularText.swift in Sources */,
				B9349DDB281C385000F2AB56 /* GoalView.swift in Sources */,
				B9349DDD281C387B00F2AB56 /* MissionView.swift in Sources */,
				B91EAE112820029100874133 /* DateValue.swift in Sources */,
				B91EAE0F281FF7EB00874133 /* CustomDatePicker.swift in Sources */,
				B91EAE1728201D9B00874133 /* Task.swift in Sources */,
				CC9EFA2028210F4900FC83A0 /* Mission.swift in Sources */,
				B9349DDF281C388400F2AB56 /* MyPageView.swift in Sources */,
			);
			runOnlyForDeploymentPostprocessing = 0;
		};
/* End PBXSourcesBuildPhase section */

/* Begin XCBuildConfiguration section */
		B9349DD3281C369600F2AB56 /* Debug */ = {
			isa = XCBuildConfiguration;
			buildSettings = {
				ALWAYS_SEARCH_USER_PATHS = NO;
				CLANG_ANALYZER_NONNULL = YES;
				CLANG_ANALYZER_NUMBER_OBJECT_CONVERSION = YES_AGGRESSIVE;
				CLANG_CXX_LANGUAGE_STANDARD = "gnu++17";
				CLANG_ENABLE_MODULES = YES;
				CLANG_ENABLE_OBJC_ARC = YES;
				CLANG_ENABLE_OBJC_WEAK = YES;
				CLANG_WARN_BLOCK_CAPTURE_AUTORELEASING = YES;
				CLANG_WARN_BOOL_CONVERSION = YES;
				CLANG_WARN_COMMA = YES;
				CLANG_WARN_CONSTANT_CONVERSION = YES;
				CLANG_WARN_DEPRECATED_OBJC_IMPLEMENTATIONS = YES;
				CLANG_WARN_DIRECT_OBJC_ISA_USAGE = YES_ERROR;
				CLANG_WARN_DOCUMENTATION_COMMENTS = YES;
				CLANG_WARN_EMPTY_BODY = YES;
				CLANG_WARN_ENUM_CONVERSION = YES;
				CLANG_WARN_INFINITE_RECURSION = YES;
				CLANG_WARN_INT_CONVERSION = YES;
				CLANG_WARN_NON_LITERAL_NULL_CONVERSION = YES;
				CLANG_WARN_OBJC_IMPLICIT_RETAIN_SELF = YES;
				CLANG_WARN_OBJC_LITERAL_CONVERSION = YES;
				CLANG_WARN_OBJC_ROOT_CLASS = YES_ERROR;
				CLANG_WARN_QUOTED_INCLUDE_IN_FRAMEWORK_HEADER = YES;
				CLANG_WARN_RANGE_LOOP_ANALYSIS = YES;
				CLANG_WARN_STRICT_PROTOTYPES = YES;
				CLANG_WARN_SUSPICIOUS_MOVE = YES;
				CLANG_WARN_UNGUARDED_AVAILABILITY = YES_AGGRESSIVE;
				CLANG_WARN_UNREACHABLE_CODE = YES;
				CLANG_WARN__DUPLICATE_METHOD_MATCH = YES;
				COPY_PHASE_STRIP = NO;
				DEBUG_INFORMATION_FORMAT = dwarf;
				ENABLE_STRICT_OBJC_MSGSEND = YES;
				ENABLE_TESTABILITY = YES;
				GCC_C_LANGUAGE_STANDARD = gnu11;
				GCC_DYNAMIC_NO_PIC = NO;
				GCC_NO_COMMON_BLOCKS = YES;
				GCC_OPTIMIZATION_LEVEL = 0;
				GCC_PREPROCESSOR_DEFINITIONS = (
					"DEBUG=1",
					"$(inherited)",
				);
				GCC_WARN_64_TO_32_BIT_CONVERSION = YES;
				GCC_WARN_ABOUT_RETURN_TYPE = YES_ERROR;
				GCC_WARN_UNDECLARED_SELECTOR = YES;
				GCC_WARN_UNINITIALIZED_AUTOS = YES_AGGRESSIVE;
				GCC_WARN_UNUSED_FUNCTION = YES;
				GCC_WARN_UNUSED_VARIABLE = YES;
				IPHONEOS_DEPLOYMENT_TARGET = 15.4;
				MTL_ENABLE_DEBUG_INFO = INCLUDE_SOURCE;
				MTL_FAST_MATH = YES;
				ONLY_ACTIVE_ARCH = YES;
				SDKROOT = iphoneos;
				SWIFT_ACTIVE_COMPILATION_CONDITIONS = DEBUG;
				SWIFT_OPTIMIZATION_LEVEL = "-Onone";
			};
			name = Debug;
		};
		B9349DD4281C369600F2AB56 /* Release */ = {
			isa = XCBuildConfiguration;
			buildSettings = {
				ALWAYS_SEARCH_USER_PATHS = NO;
				CLANG_ANALYZER_NONNULL = YES;
				CLANG_ANALYZER_NUMBER_OBJECT_CONVERSION = YES_AGGRESSIVE;
				CLANG_CXX_LANGUAGE_STANDARD = "gnu++17";
				CLANG_ENABLE_MODULES = YES;
				CLANG_ENABLE_OBJC_ARC = YES;
				CLANG_ENABLE_OBJC_WEAK = YES;
				CLANG_WARN_BLOCK_CAPTURE_AUTORELEASING = YES;
				CLANG_WARN_BOOL_CONVERSION = YES;
				CLANG_WARN_COMMA = YES;
				CLANG_WARN_CONSTANT_CONVERSION = YES;
				CLANG_WARN_DEPRECATED_OBJC_IMPLEMENTATIONS = YES;
				CLANG_WARN_DIRECT_OBJC_ISA_USAGE = YES_ERROR;
				CLANG_WARN_DOCUMENTATION_COMMENTS = YES;
				CLANG_WARN_EMPTY_BODY = YES;
				CLANG_WARN_ENUM_CONVERSION = YES;
				CLANG_WARN_INFINITE_RECURSION = YES;
				CLANG_WARN_INT_CONVERSION = YES;
				CLANG_WARN_NON_LITERAL_NULL_CONVERSION = YES;
				CLANG_WARN_OBJC_IMPLICIT_RETAIN_SELF = YES;
				CLANG_WARN_OBJC_LITERAL_CONVERSION = YES;
				CLANG_WARN_OBJC_ROOT_CLASS = YES_ERROR;
				CLANG_WARN_QUOTED_INCLUDE_IN_FRAMEWORK_HEADER = YES;
				CLANG_WARN_RANGE_LOOP_ANALYSIS = YES;
				CLANG_WARN_STRICT_PROTOTYPES = YES;
				CLANG_WARN_SUSPICIOUS_MOVE = YES;
				CLANG_WARN_UNGUARDED_AVAILABILITY = YES_AGGRESSIVE;
				CLANG_WARN_UNREACHABLE_CODE = YES;
				CLANG_WARN__DUPLICATE_METHOD_MATCH = YES;
				COPY_PHASE_STRIP = NO;
				DEBUG_INFORMATION_FORMAT = "dwarf-with-dsym";
				ENABLE_NS_ASSERTIONS = NO;
				ENABLE_STRICT_OBJC_MSGSEND = YES;
				GCC_C_LANGUAGE_STANDARD = gnu11;
				GCC_NO_COMMON_BLOCKS = YES;
				GCC_WARN_64_TO_32_BIT_CONVERSION = YES;
				GCC_WARN_ABOUT_RETURN_TYPE = YES_ERROR;
				GCC_WARN_UNDECLARED_SELECTOR = YES;
				GCC_WARN_UNINITIALIZED_AUTOS = YES_AGGRESSIVE;
				GCC_WARN_UNUSED_FUNCTION = YES;
				GCC_WARN_UNUSED_VARIABLE = YES;
				IPHONEOS_DEPLOYMENT_TARGET = 15.4;
				MTL_ENABLE_DEBUG_INFO = NO;
				MTL_FAST_MATH = YES;
				SDKROOT = iphoneos;
				SWIFT_COMPILATION_MODE = wholemodule;
				SWIFT_OPTIMIZATION_LEVEL = "-O";
				VALIDATE_PRODUCT = YES;
			};
			name = Release;
		};
		B9349DD6281C369600F2AB56 /* Debug */ = {
			isa = XCBuildConfiguration;
			buildSettings = {
				ASSETCATALOG_COMPILER_APPICON_NAME = AppIcon;
				ASSETCATALOG_COMPILER_GLOBAL_ACCENT_COLOR_NAME = AccentColor;
				CODE_SIGN_STYLE = Automatic;
				CURRENT_PROJECT_VERSION = 1;
				DEVELOPMENT_ASSET_PATHS = "\"Mamuji/Preview Content\"";
				DEVELOPMENT_TEAM = BQSHS2D2FB;
				ENABLE_PREVIEWS = YES;
				GENERATE_INFOPLIST_FILE = NO;
				INFOPLIST_FILE = "/Users/dongkyukim/Dropbox (Developer Academy)/Workspace/Mamuji/Mamuji/Info.plist";
				INFOPLIST_KEY_UIApplicationSceneManifest_Generation = YES;
				INFOPLIST_KEY_UIApplicationSupportsIndirectInputEvents = YES;
				INFOPLIST_KEY_UILaunchScreen_Generation = YES;
				INFOPLIST_KEY_UISupportedInterfaceOrientations_iPad = "UIInterfaceOrientationPortrait UIInterfaceOrientationPortraitUpsideDown UIInterfaceOrientationLandscapeLeft UIInterfaceOrientationLandscapeRight";
				INFOPLIST_KEY_UISupportedInterfaceOrientations_iPhone = "UIInterfaceOrientationPortrait UIInterfaceOrientationLandscapeLeft UIInterfaceOrientationLandscapeRight";
				LD_RUNPATH_SEARCH_PATHS = (
					"$(inherited)",
					"@executable_path/Frameworks",
				);
				MARKETING_VERSION = 1.0;
				PRODUCT_BUNDLE_IDENTIFIER = "Cali-private.Mamuji";
				PRODUCT_NAME = "$(TARGET_NAME)";
				SWIFT_EMIT_LOC_STRINGS = YES;
				SWIFT_VERSION = 5.0;
				TARGETED_DEVICE_FAMILY = "1,2";
			};
			name = Debug;
		};
		B9349DD7281C369600F2AB56 /* Release */ = {
			isa = XCBuildConfiguration;
			buildSettings = {
				ASSETCATALOG_COMPILER_APPICON_NAME = AppIcon;
				ASSETCATALOG_COMPILER_GLOBAL_ACCENT_COLOR_NAME = AccentColor;
				CODE_SIGN_STYLE = Automatic;
				CURRENT_PROJECT_VERSION = 1;
				DEVELOPMENT_ASSET_PATHS = "\"Mamuji/Preview Content\"";
				DEVELOPMENT_TEAM = BQSHS2D2FB;
				ENABLE_PREVIEWS = YES;
				GENERATE_INFOPLIST_FILE = NO;
				INFOPLIST_FILE = "/Users/dongkyukim/Dropbox (Developer Academy)/Workspace/Mamuji/Mamuji/Info.plist";
				INFOPLIST_KEY_UIApplicationSceneManifest_Generation = YES;
				INFOPLIST_KEY_UIApplicationSupportsIndirectInputEvents = YES;
				INFOPLIST_KEY_UILaunchScreen_Generation = YES;
				INFOPLIST_KEY_UISupportedInterfaceOrientations_iPad = "UIInterfaceOrientationPortrait UIInterfaceOrientationPortraitUpsideDown UIInterfaceOrientationLandscapeLeft UIInterfaceOrientationLandscapeRight";
				INFOPLIST_KEY_UISupportedInterfaceOrientations_iPhone = "UIInterfaceOrientationPortrait UIInterfaceOrientationLandscapeLeft UIInterfaceOrientationLandscapeRight";
				LD_RUNPATH_SEARCH_PATHS = (
					"$(inherited)",
					"@executable_path/Frameworks",
				);
				MARKETING_VERSION = 1.0;
				PRODUCT_BUNDLE_IDENTIFIER = "Cali-private.Mamuji";
				PRODUCT_NAME = "$(TARGET_NAME)";
				SWIFT_EMIT_LOC_STRINGS = YES;
				SWIFT_VERSION = 5.0;
				TARGETED_DEVICE_FAMILY = "1,2";
			};
			name = Release;
		};
/* End XCBuildConfiguration section */

/* Begin XCConfigurationList section */
		B9349DC2281C369500F2AB56 /* Build configuration list for PBXProject "Mamuji" */ = {
			isa = XCConfigurationList;
			buildConfigurations = (
				B9349DD3281C369600F2AB56 /* Debug */,
				B9349DD4281C369600F2AB56 /* Release */,
			);
			defaultConfigurationIsVisible = 0;
			defaultConfigurationName = Release;
		};
		B9349DD5281C369600F2AB56 /* Build configuration list for PBXNativeTarget "Mamuji" */ = {
			isa = XCConfigurationList;
			buildConfigurations = (
				B9349DD6281C369600F2AB56 /* Debug */,
				B9349DD7281C369600F2AB56 /* Release */,
			);
			defaultConfigurationIsVisible = 0;
			defaultConfigurationName = Release;
		};
/* End XCConfigurationList section */
	};
	rootObject = B9349DBF281C369500F2AB56 /* Project object */;
}
